
Microsoft Visual Studio Solution File, Format Version 11.00
# Visual Studio 2010
Project("{FAE04EC0-301F-11D3-BF4B-00C04F79EFBC}") = "mentalplateform", "Assembly-CSharp.csproj", "{2C4877D7-F074-F2F3-A4E6-F026466DD736}"
EndProject
Project("{FAE04EC0-301F-11D3-BF4B-00C04F79EFBC}") = "mentalplateform", "Assembly-UnityScript.unityproj", "{8D33173D-B07C-3322-20B2-E68767A07A02}"
EndProject
Global
	GlobalSection(SolutionConfigurationPlatforms) = preSolution
		Debug|Any CPU = Debug|Any CPU
		Release|Any CPU = Release|Any CPU
	EndGlobalSection
	GlobalSection(ProjectConfigurationPlatforms) = postSolution
		{2C4877D7-F074-F2F3-A4E6-F026466DD736}.Debug|Any CPU.ActiveCfg = Debug|Any CPU
		{2C4877D7-F074-F2F3-A4E6-F026466DD736}.Debug|Any CPU.Build.0 = Debug|Any CPU
		{2C4877D7-F074-F2F3-A4E6-F026466DD736}.Release|Any CPU.ActiveCfg = Release|Any CPU
		{2C4877D7-F074-F2F3-A4E6-F026466DD736}.Release|Any CPU.Build.0 = Release|Any CPU
		{8D33173D-B07C-3322-20B2-E68767A07A02}.Debug|Any CPU.ActiveCfg = Debug|Any CPU
		{8D33173D-B07C-3322-20B2-E68767A07A02}.Debug|Any CPU.Build.0 = Debug|Any CPU
		{8D33173D-B07C-3322-20B2-E68767A07A02}.Release|Any CPU.ActiveCfg = Release|Any CPU
		{8D33173D-B07C-3322-20B2-E68767A07A02}.Release|Any CPU.Build.0 = Release|Any CPU
	EndGlobalSection
	GlobalSection(SolutionProperties) = preSolution
		HideSolutionNode = FALSE
	EndGlobalSection
	GlobalSection(MonoDevelopProperties) = preSolution
		StartupItem = Assembly-CSharp.csproj
	EndGlobalSection
EndGlobal
