Microsoft Visual Studio Solution File, Format Version 11.00
# Visual Studio 2008

Project("{C8D5A3B7-E5A5-A441-EC05-4DDF461FD9D3}") = "mentalplateform", "Assembly-CSharp.csproj", "{2C4877D7-F074-F2F3-A4E6-F026466DD736}"
EndProject
Global
	GlobalSection(SolutionConfigurationPlatforms) = preSolution
		Debug|Any CPU = Debug|Any CPU
		Release|Any CPU = Release|Any CPU
	EndGlobalSection
	GlobalSection(ProjectConfigurationPlatforms) = postSolution
		{2C4877D7-F074-F2F3-A4E6-F026466DD736}.Debug|Any CPU.ActiveCfg = Debug|Any CPU
		{2C4877D7-F074-F2F3-A4E6-F026466DD736}.Debug|Any CPU.Build.0 = Debug|Any CPU
		{2C4877D7-F074-F2F3-A4E6-F026466DD736}.Release|Any CPU.ActiveCfg = Release|Any CPU
		{2C4877D7-F074-F2F3-A4E6-F026466DD736}.Release|Any CPU.Build.0 = Release|Any CPU
	EndGlobalSection
	GlobalSection(SolutionProperties) = preSolution
		HideSolutionNode = FALSE
	EndGlobalSection
	GlobalSection(MonoDevelopProperties) = preSolution
		StartupItem = Assembly-CSharp.csproj
	EndGlobalSection
EndGlobal
