
Microsoft Visual Studio Solution File, Format Version 12.00
# Visual Studio 2015
Project("{FAE04EC0-301F-11D3-BF4B-00C04F79EFBC}") = "Firat's version.CSharp", "Firat's version.CSharp.csproj", "{776E5A11-8E58-521A-50BC-3732DFF04A1F}"
EndProject
Project("{FAE04EC0-301F-11D3-BF4B-00C04F79EFBC}") = "Firat's version.CSharp.Editor", "Firat's version.CSharp.Editor.csproj", "{98F05EC7-AA96-B3F6-A948-CD92B021007B}"
EndProject
Global
	GlobalSection(SolutionConfigurationPlatforms) = preSolution
		Debug|Any CPU = Debug|Any CPU
		Release|Any CPU = Release|Any CPU
	EndGlobalSection
	GlobalSection(ProjectConfigurationPlatforms) = postSolution
		{776E5A11-8E58-521A-50BC-3732DFF04A1F}.Debug|Any CPU.ActiveCfg = Debug|Any CPU
		{776E5A11-8E58-521A-50BC-3732DFF04A1F}.Debug|Any CPU.Build.0 = Debug|Any CPU
		{776E5A11-8E58-521A-50BC-3732DFF04A1F}.Release|Any CPU.ActiveCfg = Release|Any CPU
		{776E5A11-8E58-521A-50BC-3732DFF04A1F}.Release|Any CPU.Build.0 = Release|Any CPU
		{98F05EC7-AA96-B3F6-A948-CD92B021007B}.Debug|Any CPU.ActiveCfg = Debug|Any CPU
		{98F05EC7-AA96-B3F6-A948-CD92B021007B}.Debug|Any CPU.Build.0 = Debug|Any CPU
		{98F05EC7-AA96-B3F6-A948-CD92B021007B}.Release|Any CPU.ActiveCfg = Release|Any CPU
		{98F05EC7-AA96-B3F6-A948-CD92B021007B}.Release|Any CPU.Build.0 = Release|Any CPU
	EndGlobalSection
	GlobalSection(SolutionProperties) = preSolution
		HideSolutionNode = FALSE
	EndGlobalSection
EndGlobal
