Microsoft Visual Studio Solution File, Format Version 11.00
# Visual Studio 2008

Project("{DCCEE390-5F64-4FA4-18AE-A80CD092B671}") = "MindControl_Platformer", "Assembly-CSharp-firstpass.csproj", "{F805BD65-ABB4-5C7D-4A14-73F5CE74BEE8}"
EndProject
Project("{DCCEE390-5F64-4FA4-18AE-A80CD092B671}") = "MindControl_Platformer", "Assembly-CSharp.csproj", "{A1771F7F-9CC4-7797-9EE3-AD06405D2BD8}"
EndProject
Project("{DCCEE390-5F64-4FA4-18AE-A80CD092B671}") = "MindControl_Platformer", "Assembly-CSharp-Editor.csproj", "{57903D63-2E07-9FFB-3EDB-8253B789571F}"
EndProject
Project("{DCCEE390-5F64-4FA4-18AE-A80CD092B671}") = "MindControl_Platformer", "Assembly-UnityScript-firstpass.unityproj", "{491F7E7B-9A0E-7268-0F1B-0ABE2B024F0E}"
EndProject
Project("{DCCEE390-5F64-4FA4-18AE-A80CD092B671}") = "MindControl_Platformer", "Assembly-UnityScript.unityproj", "{AD0638C8-BA7F-18A5-74EB-C7D1A754F60F}"
EndProject
Project("{DCCEE390-5F64-4FA4-18AE-A80CD092B671}") = "MindControl_Platformer", "Assembly-UnityScript-Editor.unityproj", "{BF730881-7CF6-951D-05D7-1654C1F7B55C}"
EndProject
Global
	GlobalSection(SolutionConfigurationPlatforms) = preSolution
		Debug|Any CPU = Debug|Any CPU
		Release|Any CPU = Release|Any CPU
	EndGlobalSection
	GlobalSection(ProjectConfigurationPlatforms) = postSolution
		{F805BD65-ABB4-5C7D-4A14-73F5CE74BEE8}.Debug|Any CPU.ActiveCfg = Debug|Any CPU
		{F805BD65-ABB4-5C7D-4A14-73F5CE74BEE8}.Debug|Any CPU.Build.0 = Debug|Any CPU
		{F805BD65-ABB4-5C7D-4A14-73F5CE74BEE8}.Release|Any CPU.ActiveCfg = Release|Any CPU
		{F805BD65-ABB4-5C7D-4A14-73F5CE74BEE8}.Release|Any CPU.Build.0 = Release|Any CPU
		{A1771F7F-9CC4-7797-9EE3-AD06405D2BD8}.Debug|Any CPU.ActiveCfg = Debug|Any CPU
		{A1771F7F-9CC4-7797-9EE3-AD06405D2BD8}.Debug|Any CPU.Build.0 = Debug|Any CPU
		{A1771F7F-9CC4-7797-9EE3-AD06405D2BD8}.Release|Any CPU.ActiveCfg = Release|Any CPU
		{A1771F7F-9CC4-7797-9EE3-AD06405D2BD8}.Release|Any CPU.Build.0 = Release|Any CPU
		{57903D63-2E07-9FFB-3EDB-8253B789571F}.Debug|Any CPU.ActiveCfg = Debug|Any CPU
		{57903D63-2E07-9FFB-3EDB-8253B789571F}.Debug|Any CPU.Build.0 = Debug|Any CPU
		{57903D63-2E07-9FFB-3EDB-8253B789571F}.Release|Any CPU.ActiveCfg = Release|Any CPU
		{57903D63-2E07-9FFB-3EDB-8253B789571F}.Release|Any CPU.Build.0 = Release|Any CPU
		{491F7E7B-9A0E-7268-0F1B-0ABE2B024F0E}.Debug|Any CPU.ActiveCfg = Debug|Any CPU
		{491F7E7B-9A0E-7268-0F1B-0ABE2B024F0E}.Debug|Any CPU.Build.0 = Debug|Any CPU
		{491F7E7B-9A0E-7268-0F1B-0ABE2B024F0E}.Release|Any CPU.ActiveCfg = Release|Any CPU
		{491F7E7B-9A0E-7268-0F1B-0ABE2B024F0E}.Release|Any CPU.Build.0 = Release|Any CPU
		{AD0638C8-BA7F-18A5-74EB-C7D1A754F60F}.Debug|Any CPU.ActiveCfg = Debug|Any CPU
		{AD0638C8-BA7F-18A5-74EB-C7D1A754F60F}.Debug|Any CPU.Build.0 = Debug|Any CPU
		{AD0638C8-BA7F-18A5-74EB-C7D1A754F60F}.Release|Any CPU.ActiveCfg = Release|Any CPU
		{AD0638C8-BA7F-18A5-74EB-C7D1A754F60F}.Release|Any CPU.Build.0 = Release|Any CPU
		{BF730881-7CF6-951D-05D7-1654C1F7B55C}.Debug|Any CPU.ActiveCfg = Debug|Any CPU
		{BF730881-7CF6-951D-05D7-1654C1F7B55C}.Debug|Any CPU.Build.0 = Debug|Any CPU
		{BF730881-7CF6-951D-05D7-1654C1F7B55C}.Release|Any CPU.ActiveCfg = Release|Any CPU
		{BF730881-7CF6-951D-05D7-1654C1F7B55C}.Release|Any CPU.Build.0 = Release|Any CPU
	EndGlobalSection
	GlobalSection(SolutionProperties) = preSolution
		HideSolutionNode = FALSE
	EndGlobalSection
	GlobalSection(MonoDevelopProperties) = preSolution
		StartupItem = Assembly-CSharp.csproj
	EndGlobalSection
EndGlobal
